
Microsoft Visual Studio Solution File, Format Version 12.00
# Visual Studio Version 17
VisualStudioVersion = 17.4.33205.214
MinimumVisualStudioVersion = 10.0.40219.1
Project("{FAE04EC0-301F-11D3-BF4B-00C04F79EFBC}") = "NorthwindApp_2", "NorthwindApp_2\NorthwindApp_2.csproj", "{7423339B-53A9-4618-8122-F7E4AFE5090D}"
	ProjectSection(ProjectDependencies) = postProject
		{21C1DFC8-894A-4EF0-AD27-76A62A5C0C90} = {21C1DFC8-894A-4EF0-AD27-76A62A5C0C90}
		{F1D16B47-4B6E-4333-8D3E-5452627585FF} = {F1D16B47-4B6E-4333-8D3E-5452627585FF}
	EndProjectSection
EndProject
Project("{2150E333-8FDC-42A3-9474-1A3956D46DE8}") = "UI", "UI", "{5789D2B0-2938-45AC-A0FC-29FF1D389FB1}"
EndProject
Project("{2150E333-8FDC-42A3-9474-1A3956D46DE8}") = "BaseDatosDAL", "BaseDatosDAL", "{73B81A28-B490-4FCC-8F23-DD420D9E02C7}"
EndProject
Project("{2150E333-8FDC-42A3-9474-1A3956D46DE8}") = "Utilidades", "Utilidades", "{91B74CD9-404B-4BC0-B357-ECA121AB0A9A}"
EndProject
Project("{2150E333-8FDC-42A3-9474-1A3956D46DE8}") = "NorthwindBLL", "NorthwindBLL", "{5700BAC7-AACE-46E3-B02E-991DF10CB561}"
EndProject
Project("{FAE04EC0-301F-11D3-BF4B-00C04F79EFBC}") = "graficosPedidos", "graficosPedidos\graficosPedidos.csproj", "{93D9BDAD-46FC-4A7E-BA0E-7914EE8C7801}"
EndProject
Project("{FAE04EC0-301F-11D3-BF4B-00C04F79EFBC}") = "FichaEmpleados", "FichaEmpleados\FichaEmpleados.csproj", "{9514EA0B-E4AE-459B-A97D-4E2C95E6AB78}"
EndProject
Project("{FAE04EC0-301F-11D3-BF4B-00C04F79EFBC}") = "BaseDatosDAL", "BaseDatosDAL\BaseDatosDAL.csproj", "{84B3407B-4CA1-4B70-94B7-4145E9D7DA9D}"
EndProject
Project("{FAE04EC0-301F-11D3-BF4B-00C04F79EFBC}") = "NorthwindBLL", "NorthwindBLL\NorthwindBLL.csproj", "{69924A98-128E-415C-A4CD-42AF9D41D59F}"
EndProject
Project("{FAE04EC0-301F-11D3-BF4B-00C04F79EFBC}") = "ElementosDTO", "ElementosDTO\ElementosDTO.csproj", "{F1D16B47-4B6E-4333-8D3E-5452627585FF}"
EndProject
Project("{FAE04EC0-301F-11D3-BF4B-00C04F79EFBC}") = "ElementosVO", "ElementosVO\ElementosVO.csproj", "{21C1DFC8-894A-4EF0-AD27-76A62A5C0C90}"
EndProject
Project("{FAE04EC0-301F-11D3-BF4B-00C04F79EFBC}") = "Reportes", "Reportes\Reportes.csproj", "{297C530E-D5B4-437F-8E1D-12D680E7B7D7}"
EndProject
Global
	GlobalSection(SolutionConfigurationPlatforms) = preSolution
		Debug|Any CPU = Debug|Any CPU
		Release|Any CPU = Release|Any CPU
	EndGlobalSection
	GlobalSection(ProjectConfigurationPlatforms) = postSolution
		{7423339B-53A9-4618-8122-F7E4AFE5090D}.Debug|Any CPU.ActiveCfg = Debug|Any CPU
		{7423339B-53A9-4618-8122-F7E4AFE5090D}.Debug|Any CPU.Build.0 = Debug|Any CPU
		{7423339B-53A9-4618-8122-F7E4AFE5090D}.Release|Any CPU.ActiveCfg = Release|Any CPU
		{7423339B-53A9-4618-8122-F7E4AFE5090D}.Release|Any CPU.Build.0 = Release|Any CPU
		{93D9BDAD-46FC-4A7E-BA0E-7914EE8C7801}.Debug|Any CPU.ActiveCfg = Debug|Any CPU
		{93D9BDAD-46FC-4A7E-BA0E-7914EE8C7801}.Debug|Any CPU.Build.0 = Debug|Any CPU
		{93D9BDAD-46FC-4A7E-BA0E-7914EE8C7801}.Release|Any CPU.ActiveCfg = Release|Any CPU
		{93D9BDAD-46FC-4A7E-BA0E-7914EE8C7801}.Release|Any CPU.Build.0 = Release|Any CPU
		{9514EA0B-E4AE-459B-A97D-4E2C95E6AB78}.Debug|Any CPU.ActiveCfg = Debug|Any CPU
		{9514EA0B-E4AE-459B-A97D-4E2C95E6AB78}.Debug|Any CPU.Build.0 = Debug|Any CPU
		{9514EA0B-E4AE-459B-A97D-4E2C95E6AB78}.Release|Any CPU.ActiveCfg = Release|Any CPU
		{9514EA0B-E4AE-459B-A97D-4E2C95E6AB78}.Release|Any CPU.Build.0 = Release|Any CPU
		{84B3407B-4CA1-4B70-94B7-4145E9D7DA9D}.Debug|Any CPU.ActiveCfg = Debug|Any CPU
		{84B3407B-4CA1-4B70-94B7-4145E9D7DA9D}.Debug|Any CPU.Build.0 = Debug|Any CPU
		{84B3407B-4CA1-4B70-94B7-4145E9D7DA9D}.Release|Any CPU.ActiveCfg = Release|Any CPU
		{84B3407B-4CA1-4B70-94B7-4145E9D7DA9D}.Release|Any CPU.Build.0 = Release|Any CPU
		{69924A98-128E-415C-A4CD-42AF9D41D59F}.Debug|Any CPU.ActiveCfg = Debug|Any CPU
		{69924A98-128E-415C-A4CD-42AF9D41D59F}.Debug|Any CPU.Build.0 = Debug|Any CPU
		{69924A98-128E-415C-A4CD-42AF9D41D59F}.Release|Any CPU.ActiveCfg = Release|Any CPU
		{69924A98-128E-415C-A4CD-42AF9D41D59F}.Release|Any CPU.Build.0 = Release|Any CPU
		{F1D16B47-4B6E-4333-8D3E-5452627585FF}.Debug|Any CPU.ActiveCfg = Debug|Any CPU
		{F1D16B47-4B6E-4333-8D3E-5452627585FF}.Debug|Any CPU.Build.0 = Debug|Any CPU
		{F1D16B47-4B6E-4333-8D3E-5452627585FF}.Release|Any CPU.ActiveCfg = Release|Any CPU
		{F1D16B47-4B6E-4333-8D3E-5452627585FF}.Release|Any CPU.Build.0 = Release|Any CPU
		{21C1DFC8-894A-4EF0-AD27-76A62A5C0C90}.Debug|Any CPU.ActiveCfg = Debug|Any CPU
		{21C1DFC8-894A-4EF0-AD27-76A62A5C0C90}.Debug|Any CPU.Build.0 = Debug|Any CPU
		{21C1DFC8-894A-4EF0-AD27-76A62A5C0C90}.Release|Any CPU.ActiveCfg = Release|Any CPU
		{21C1DFC8-894A-4EF0-AD27-76A62A5C0C90}.Release|Any CPU.Build.0 = Release|Any CPU
		{297C530E-D5B4-437F-8E1D-12D680E7B7D7}.Debug|Any CPU.ActiveCfg = Debug|Any CPU
		{297C530E-D5B4-437F-8E1D-12D680E7B7D7}.Debug|Any CPU.Build.0 = Debug|Any CPU
		{297C530E-D5B4-437F-8E1D-12D680E7B7D7}.Release|Any CPU.ActiveCfg = Release|Any CPU
		{297C530E-D5B4-437F-8E1D-12D680E7B7D7}.Release|Any CPU.Build.0 = Release|Any CPU
	EndGlobalSection
	GlobalSection(SolutionProperties) = preSolution
		HideSolutionNode = FALSE
	EndGlobalSection
	GlobalSection(NestedProjects) = preSolution
		{7423339B-53A9-4618-8122-F7E4AFE5090D} = {5789D2B0-2938-45AC-A0FC-29FF1D389FB1}
		{93D9BDAD-46FC-4A7E-BA0E-7914EE8C7801} = {5789D2B0-2938-45AC-A0FC-29FF1D389FB1}
		{9514EA0B-E4AE-459B-A97D-4E2C95E6AB78} = {5789D2B0-2938-45AC-A0FC-29FF1D389FB1}
		{84B3407B-4CA1-4B70-94B7-4145E9D7DA9D} = {73B81A28-B490-4FCC-8F23-DD420D9E02C7}
		{69924A98-128E-415C-A4CD-42AF9D41D59F} = {5700BAC7-AACE-46E3-B02E-991DF10CB561}
		{F1D16B47-4B6E-4333-8D3E-5452627585FF} = {91B74CD9-404B-4BC0-B357-ECA121AB0A9A}
		{21C1DFC8-894A-4EF0-AD27-76A62A5C0C90} = {91B74CD9-404B-4BC0-B357-ECA121AB0A9A}
		{297C530E-D5B4-437F-8E1D-12D680E7B7D7} = {5789D2B0-2938-45AC-A0FC-29FF1D389FB1}
	EndGlobalSection
	GlobalSection(ExtensibilityGlobals) = postSolution
		SolutionGuid = {7F7472FE-B001-4D53-88CE-2BDF25FDD2BC}
	EndGlobalSection
EndGlobal
